// !$*UTF8*$!
{
	archiveVersion = 1;
	classes = {
	};
	objectVersion = 55;
	objects = {

/* Begin PBXBuildFile section */
		B535A3777BD9F1AAD616B3C4 /* Pods_diginote.framework in Frameworks */ = {isa = PBXBuildFile; fileRef = 325771F79D11B1EAE417168A /* Pods_diginote.framework */; };
		F61AECBE27422AE800FCB4C5 /* AppDelegate.swift in Sources */ = {isa = PBXBuildFile; fileRef = F61AECBD27422AE800FCB4C5 /* AppDelegate.swift */; };
		F61AECC027422AE800FCB4C5 /* SceneDelegate.swift in Sources */ = {isa = PBXBuildFile; fileRef = F61AECBF27422AE800FCB4C5 /* SceneDelegate.swift */; };
		F61AECC527422AE800FCB4C5 /* Main.storyboard in Resources */ = {isa = PBXBuildFile; fileRef = F61AECC327422AE800FCB4C5 /* Main.storyboard */; };
		F61AECC727422AEA00FCB4C5 /* Assets.xcassets in Resources */ = {isa = PBXBuildFile; fileRef = F61AECC627422AEA00FCB4C5 /* Assets.xcassets */; };
		F61AECCA27422AEA00FCB4C5 /* LaunchScreen.storyboard in Resources */ = {isa = PBXBuildFile; fileRef = F61AECC827422AEA00FCB4C5 /* LaunchScreen.storyboard */; };
		F61AECD527422AEB00FCB4C5 /* diginoteTests.swift in Sources */ = {isa = PBXBuildFile; fileRef = F61AECD427422AEB00FCB4C5 /* diginoteTests.swift */; };
		F61AECDF27422AEB00FCB4C5 /* diginoteUITests.swift in Sources */ = {isa = PBXBuildFile; fileRef = F61AECDE27422AEB00FCB4C5 /* diginoteUITests.swift */; };
		F61AECE127422AEB00FCB4C5 /* diginoteUITestsLaunchTests.swift in Sources */ = {isa = PBXBuildFile; fileRef = F61AECE027422AEB00FCB4C5 /* diginoteUITestsLaunchTests.swift */; };
		F61AECF12742422900FCB4C5 /* SettingsViewController.swift in Sources */ = {isa = PBXBuildFile; fileRef = F61AECF02742422900FCB4C5 /* SettingsViewController.swift */; };
		F6291D852743955A008F5A7F /* NoteViewController.swift in Sources */ = {isa = PBXBuildFile; fileRef = F6291D842743955A008F5A7F /* NoteViewController.swift */; };
		F6EA994D274B443400F4BF4E /* HomeCollectionViewController.swift in Sources */ = {isa = PBXBuildFile; fileRef = F6EA994C274B443400F4BF4E /* HomeCollectionViewController.swift */; };
		F6EA994F274B448F00F4BF4E /* FileCollectionViewCell.swift in Sources */ = {isa = PBXBuildFile; fileRef = F6EA994E274B448F00F4BF4E /* FileCollectionViewCell.swift */; };
/* End PBXBuildFile section */

/* Begin PBXContainerItemProxy section */
		F61AECD127422AEB00FCB4C5 /* PBXContainerItemProxy */ = {
			isa = PBXContainerItemProxy;
			containerPortal = F61AECB227422AE800FCB4C5 /* Project object */;
			proxyType = 1;
			remoteGlobalIDString = F61AECB927422AE800FCB4C5;
			remoteInfo = diginote;
		};
		F61AECDB27422AEB00FCB4C5 /* PBXContainerItemProxy */ = {
			isa = PBXContainerItemProxy;
			containerPortal = F61AECB227422AE800FCB4C5 /* Project object */;
			proxyType = 1;
			remoteGlobalIDString = F61AECB927422AE800FCB4C5;
			remoteInfo = diginote;
		};
/* End PBXContainerItemProxy section */

/* Begin PBXFileReference section */
		2211A9381E12134A6AC01DBE /* Pods-diginote.debug.xcconfig */ = {isa = PBXFileReference; includeInIndex = 1; lastKnownFileType = text.xcconfig; name = "Pods-diginote.debug.xcconfig"; path = "Target Support Files/Pods-diginote/Pods-diginote.debug.xcconfig"; sourceTree = "<group>"; };
		325771F79D11B1EAE417168A /* Pods_diginote.framework */ = {isa = PBXFileReference; explicitFileType = wrapper.framework; includeInIndex = 0; path = Pods_diginote.framework; sourceTree = BUILT_PRODUCTS_DIR; };
		77B2BEE2C80B2DC0CDA3D09C /* Pods-diginote.release.xcconfig */ = {isa = PBXFileReference; includeInIndex = 1; lastKnownFileType = text.xcconfig; name = "Pods-diginote.release.xcconfig"; path = "Target Support Files/Pods-diginote/Pods-diginote.release.xcconfig"; sourceTree = "<group>"; };
		F61AECBA27422AE800FCB4C5 /* diginote.app */ = {isa = PBXFileReference; explicitFileType = wrapper.application; includeInIndex = 0; path = diginote.app; sourceTree = BUILT_PRODUCTS_DIR; };
		F61AECBD27422AE800FCB4C5 /* AppDelegate.swift */ = {isa = PBXFileReference; lastKnownFileType = sourcecode.swift; path = AppDelegate.swift; sourceTree = "<group>"; };
		F61AECBF27422AE800FCB4C5 /* SceneDelegate.swift */ = {isa = PBXFileReference; lastKnownFileType = sourcecode.swift; path = SceneDelegate.swift; sourceTree = "<group>"; };
		F61AECC427422AE800FCB4C5 /* Base */ = {isa = PBXFileReference; lastKnownFileType = file.storyboard; name = Base; path = Base.lproj/Main.storyboard; sourceTree = "<group>"; };
		F61AECC627422AEA00FCB4C5 /* Assets.xcassets */ = {isa = PBXFileReference; lastKnownFileType = folder.assetcatalog; path = Assets.xcassets; sourceTree = "<group>"; };
		F61AECC927422AEA00FCB4C5 /* Base */ = {isa = PBXFileReference; lastKnownFileType = file.storyboard; name = Base; path = Base.lproj/LaunchScreen.storyboard; sourceTree = "<group>"; };
		F61AECCB27422AEA00FCB4C5 /* Info.plist */ = {isa = PBXFileReference; lastKnownFileType = text.plist.xml; path = Info.plist; sourceTree = "<group>"; };
		F61AECD027422AEB00FCB4C5 /* diginoteTests.xctest */ = {isa = PBXFileReference; explicitFileType = wrapper.cfbundle; includeInIndex = 0; path = diginoteTests.xctest; sourceTree = BUILT_PRODUCTS_DIR; };
		F61AECD427422AEB00FCB4C5 /* diginoteTests.swift */ = {isa = PBXFileReference; lastKnownFileType = sourcecode.swift; path = diginoteTests.swift; sourceTree = "<group>"; };
		F61AECDA27422AEB00FCB4C5 /* diginoteUITests.xctest */ = {isa = PBXFileReference; explicitFileType = wrapper.cfbundle; includeInIndex = 0; path = diginoteUITests.xctest; sourceTree = BUILT_PRODUCTS_DIR; };
		F61AECDE27422AEB00FCB4C5 /* diginoteUITests.swift */ = {isa = PBXFileReference; lastKnownFileType = sourcecode.swift; path = diginoteUITests.swift; sourceTree = "<group>"; };
		F61AECE027422AEB00FCB4C5 /* diginoteUITestsLaunchTests.swift */ = {isa = PBXFileReference; lastKnownFileType = sourcecode.swift; path = diginoteUITestsLaunchTests.swift; sourceTree = "<group>"; };
		F61AECF02742422900FCB4C5 /* SettingsViewController.swift */ = {isa = PBXFileReference; lastKnownFileType = sourcecode.swift; path = SettingsViewController.swift; sourceTree = "<group>"; };
		F6291D842743955A008F5A7F /* NoteViewController.swift */ = {isa = PBXFileReference; lastKnownFileType = sourcecode.swift; path = NoteViewController.swift; sourceTree = "<group>"; };
		F6EA994C274B443400F4BF4E /* HomeCollectionViewController.swift */ = {isa = PBXFileReference; lastKnownFileType = sourcecode.swift; path = HomeCollectionViewController.swift; sourceTree = "<group>"; };
		F6EA994E274B448F00F4BF4E /* FileCollectionViewCell.swift */ = {isa = PBXFileReference; lastKnownFileType = sourcecode.swift; path = FileCollectionViewCell.swift; sourceTree = "<group>"; };
/* End PBXFileReference section */

/* Begin PBXFrameworksBuildPhase section */
		F61AECB727422AE800FCB4C5 /* Frameworks */ = {
			isa = PBXFrameworksBuildPhase;
			buildActionMask = 2147483647;
			files = (
				B535A3777BD9F1AAD616B3C4 /* Pods_diginote.framework in Frameworks */,
			);
			runOnlyForDeploymentPostprocessing = 0;
		};
		F61AECCD27422AEB00FCB4C5 /* Frameworks */ = {
			isa = PBXFrameworksBuildPhase;
			buildActionMask = 2147483647;
			files = (
			);
			runOnlyForDeploymentPostprocessing = 0;
		};
		F61AECD727422AEB00FCB4C5 /* Frameworks */ = {
			isa = PBXFrameworksBuildPhase;
			buildActionMask = 2147483647;
			files = (
			);
			runOnlyForDeploymentPostprocessing = 0;
		};
/* End PBXFrameworksBuildPhase section */

/* Begin PBXGroup section */
		A8D1731DAE4D253B8FD3EE72 /* Pods */ = {
			isa = PBXGroup;
			children = (
				2211A9381E12134A6AC01DBE /* Pods-diginote.debug.xcconfig */,
				77B2BEE2C80B2DC0CDA3D09C /* Pods-diginote.release.xcconfig */,
			);
			path = Pods;
			sourceTree = "<group>";
		};
		D0DA01716E000E0EE68E69A8 /* Frameworks */ = {
			isa = PBXGroup;
			children = (
				325771F79D11B1EAE417168A /* Pods_diginote.framework */,
			);
			name = Frameworks;
			sourceTree = "<group>";
		};
		F61AECB127422AE800FCB4C5 = {
			isa = PBXGroup;
			children = (
				F61AECBC27422AE800FCB4C5 /* diginote */,
				F61AECD327422AEB00FCB4C5 /* diginoteTests */,
				F61AECDD27422AEB00FCB4C5 /* diginoteUITests */,
				F61AECBB27422AE800FCB4C5 /* Products */,
				A8D1731DAE4D253B8FD3EE72 /* Pods */,
				D0DA01716E000E0EE68E69A8 /* Frameworks */,
			);
			sourceTree = "<group>";
		};
		F61AECBB27422AE800FCB4C5 /* Products */ = {
			isa = PBXGroup;
			children = (
				F61AECBA27422AE800FCB4C5 /* diginote.app */,
				F61AECD027422AEB00FCB4C5 /* diginoteTests.xctest */,
				F61AECDA27422AEB00FCB4C5 /* diginoteUITests.xctest */,
			);
			name = Products;
			sourceTree = "<group>";
		};
		F61AECBC27422AE800FCB4C5 /* diginote */ = {
			isa = PBXGroup;
			children = (
				F6291D8127438BEF008F5A7F /* helpers */,
				F69104A42743777400621BA8 /* models */,
				F61AECED274241DA00FCB4C5 /* views */,
				F61AECBD27422AE800FCB4C5 /* AppDelegate.swift */,
				F61AECBF27422AE800FCB4C5 /* SceneDelegate.swift */,
				F61AECC327422AE800FCB4C5 /* Main.storyboard */,
				F61AECC627422AEA00FCB4C5 /* Assets.xcassets */,
				F61AECC827422AEA00FCB4C5 /* LaunchScreen.storyboard */,
				F61AECCB27422AEA00FCB4C5 /* Info.plist */,
			);
			path = diginote;
			sourceTree = "<group>";
		};
		F61AECD327422AEB00FCB4C5 /* diginoteTests */ = {
			isa = PBXGroup;
			children = (
				F61AECD427422AEB00FCB4C5 /* diginoteTests.swift */,
			);
			path = diginoteTests;
			sourceTree = "<group>";
		};
		F61AECDD27422AEB00FCB4C5 /* diginoteUITests */ = {
			isa = PBXGroup;
			children = (
				F61AECDE27422AEB00FCB4C5 /* diginoteUITests.swift */,
				F61AECE027422AEB00FCB4C5 /* diginoteUITestsLaunchTests.swift */,
			);
			path = diginoteUITests;
			sourceTree = "<group>";
		};
		F61AECED274241DA00FCB4C5 /* views */ = {
			isa = PBXGroup;
			children = (
				F61AECF02742422900FCB4C5 /* SettingsViewController.swift */,
				F6291D842743955A008F5A7F /* NoteViewController.swift */,
				F6EA994C274B443400F4BF4E /* HomeCollectionViewController.swift */,
				F6EA994E274B448F00F4BF4E /* FileCollectionViewCell.swift */,
			);
			path = views;
			sourceTree = "<group>";
		};
		F6291D8127438BEF008F5A7F /* helpers */ = {
			isa = PBXGroup;
			children = (
			);
			path = helpers;
			sourceTree = "<group>";
		};
		F69104A42743777400621BA8 /* models */ = {
			isa = PBXGroup;
			children = (
			);
			path = models;
			sourceTree = "<group>";
		};
/* End PBXGroup section */

/* Begin PBXNativeTarget section */
		F61AECB927422AE800FCB4C5 /* diginote */ = {
			isa = PBXNativeTarget;
			buildConfigurationList = F61AECE427422AEB00FCB4C5 /* Build configuration list for PBXNativeTarget "diginote" */;
			buildPhases = (
				61B0E3AE69053A2C18B329DB /* [CP] Check Pods Manifest.lock */,
				F61AECB627422AE800FCB4C5 /* Sources */,
				F61AECB727422AE800FCB4C5 /* Frameworks */,
				F61AECB827422AE800FCB4C5 /* Resources */,
				86EA18B248426D0A5578F95E /* [CP] Embed Pods Frameworks */,
			);
			buildRules = (
			);
			dependencies = (
			);
			name = diginote;
			productName = diginote;
			productReference = F61AECBA27422AE800FCB4C5 /* diginote.app */;
			productType = "com.apple.product-type.application";
		};
		F61AECCF27422AEB00FCB4C5 /* diginoteTests */ = {
			isa = PBXNativeTarget;
			buildConfigurationList = F61AECE727422AEB00FCB4C5 /* Build configuration list for PBXNativeTarget "diginoteTests" */;
			buildPhases = (
				F61AECCC27422AEB00FCB4C5 /* Sources */,
				F61AECCD27422AEB00FCB4C5 /* Frameworks */,
				F61AECCE27422AEB00FCB4C5 /* Resources */,
			);
			buildRules = (
			);
			dependencies = (
				F61AECD227422AEB00FCB4C5 /* PBXTargetDependency */,
			);
			name = diginoteTests;
			productName = diginoteTests;
			productReference = F61AECD027422AEB00FCB4C5 /* diginoteTests.xctest */;
			productType = "com.apple.product-type.bundle.unit-test";
		};
		F61AECD927422AEB00FCB4C5 /* diginoteUITests */ = {
			isa = PBXNativeTarget;
			buildConfigurationList = F61AECEA27422AEB00FCB4C5 /* Build configuration list for PBXNativeTarget "diginoteUITests" */;
			buildPhases = (
				F61AECD627422AEB00FCB4C5 /* Sources */,
				F61AECD727422AEB00FCB4C5 /* Frameworks */,
				F61AECD827422AEB00FCB4C5 /* Resources */,
			);
			buildRules = (
			);
			dependencies = (
				F61AECDC27422AEB00FCB4C5 /* PBXTargetDependency */,
			);
			name = diginoteUITests;
			productName = diginoteUITests;
			productReference = F61AECDA27422AEB00FCB4C5 /* diginoteUITests.xctest */;
			productType = "com.apple.product-type.bundle.ui-testing";
		};
/* End PBXNativeTarget section */

/* Begin PBXProject section */
		F61AECB227422AE800FCB4C5 /* Project object */ = {
			isa = PBXProject;
			attributes = {
				BuildIndependentTargetsInParallel = 1;
				LastSwiftUpdateCheck = 1300;
				LastUpgradeCheck = 1300;
				TargetAttributes = {
					F61AECB927422AE800FCB4C5 = {
						CreatedOnToolsVersion = 13.0;
					};
					F61AECCF27422AEB00FCB4C5 = {
						CreatedOnToolsVersion = 13.0;
						TestTargetID = F61AECB927422AE800FCB4C5;
					};
					F61AECD927422AEB00FCB4C5 = {
						CreatedOnToolsVersion = 13.0;
						TestTargetID = F61AECB927422AE800FCB4C5;
					};
				};
			};
			buildConfigurationList = F61AECB527422AE800FCB4C5 /* Build configuration list for PBXProject "diginote" */;
			compatibilityVersion = "Xcode 13.0";
			developmentRegion = en;
			hasScannedForEncodings = 0;
			knownRegions = (
				en,
				Base,
			);
			mainGroup = F61AECB127422AE800FCB4C5;
			productRefGroup = F61AECBB27422AE800FCB4C5 /* Products */;
			projectDirPath = "";
			projectRoot = "";
			targets = (
				F61AECB927422AE800FCB4C5 /* diginote */,
				F61AECCF27422AEB00FCB4C5 /* diginoteTests */,
				F61AECD927422AEB00FCB4C5 /* diginoteUITests */,
			);
		};
/* End PBXProject section */

/* Begin PBXResourcesBuildPhase section */
		F61AECB827422AE800FCB4C5 /* Resources */ = {
			isa = PBXResourcesBuildPhase;
			buildActionMask = 2147483647;
			files = (
				F61AECCA27422AEA00FCB4C5 /* LaunchScreen.storyboard in Resources */,
				F61AECC727422AEA00FCB4C5 /* Assets.xcassets in Resources */,
				F61AECC527422AE800FCB4C5 /* Main.storyboard in Resources */,
			);
			runOnlyForDeploymentPostprocessing = 0;
		};
		F61AECCE27422AEB00FCB4C5 /* Resources */ = {
			isa = PBXResourcesBuildPhase;
			buildActionMask = 2147483647;
			files = (
			);
			runOnlyForDeploymentPostprocessing = 0;
		};
		F61AECD827422AEB00FCB4C5 /* Resources */ = {
			isa = PBXResourcesBuildPhase;
			buildActionMask = 2147483647;
			files = (
			);
			runOnlyForDeploymentPostprocessing = 0;
		};
/* End PBXResourcesBuildPhase section */

/* Begin PBXShellScriptBuildPhase section */
		61B0E3AE69053A2C18B329DB /* [CP] Check Pods Manifest.lock */ = {
			isa = PBXShellScriptBuildPhase;
			buildActionMask = 2147483647;
			files = (
			);
			inputFileListPaths = (
			);
			inputPaths = (
				"${PODS_PODFILE_DIR_PATH}/Podfile.lock",
				"${PODS_ROOT}/Manifest.lock",
			);
			name = "[CP] Check Pods Manifest.lock";
			outputFileListPaths = (
			);
			outputPaths = (
				"$(DERIVED_FILE_DIR)/Pods-diginote-checkManifestLockResult.txt",
			);
			runOnlyForDeploymentPostprocessing = 0;
			shellPath = /bin/sh;
			shellScript = "diff \"${PODS_PODFILE_DIR_PATH}/Podfile.lock\" \"${PODS_ROOT}/Manifest.lock\" > /dev/null\nif [ $? != 0 ] ; then\n    # print error to STDERR\n    echo \"error: The sandbox is not in sync with the Podfile.lock. Run 'pod install' or update your CocoaPods installation.\" >&2\n    exit 1\nfi\n# This output is used by Xcode 'outputs' to avoid re-running this script phase.\necho \"SUCCESS\" > \"${SCRIPT_OUTPUT_FILE_0}\"\n";
			showEnvVarsInLog = 0;
		};
		86EA18B248426D0A5578F95E /* [CP] Embed Pods Frameworks */ = {
			isa = PBXShellScriptBuildPhase;
			buildActionMask = 2147483647;
			files = (
			);
			inputFileListPaths = (
				"${PODS_ROOT}/Target Support Files/Pods-diginote/Pods-diginote-frameworks-${CONFIGURATION}-input-files.xcfilelist",
			);
			name = "[CP] Embed Pods Frameworks";
			outputFileListPaths = (
				"${PODS_ROOT}/Target Support Files/Pods-diginote/Pods-diginote-frameworks-${CONFIGURATION}-output-files.xcfilelist",
			);
			runOnlyForDeploymentPostprocessing = 0;
			shellPath = /bin/sh;
			shellScript = "\"${PODS_ROOT}/Target Support Files/Pods-diginote/Pods-diginote-frameworks.sh\"\n";
			showEnvVarsInLog = 0;
		};
/* End PBXShellScriptBuildPhase section */

/* Begin PBXSourcesBuildPhase section */
		F61AECB627422AE800FCB4C5 /* Sources */ = {
			isa = PBXSourcesBuildPhase;
			buildActionMask = 2147483647;
			files = (
				F61AECBE27422AE800FCB4C5 /* AppDelegate.swift in Sources */,
				F61AECC027422AE800FCB4C5 /* SceneDelegate.swift in Sources */,
				F6291D852743955A008F5A7F /* NoteViewController.swift in Sources */,
				F6EA994D274B443400F4BF4E /* HomeCollectionViewController.swift in Sources */,
				F6EA994F274B448F00F4BF4E /* FileCollectionViewCell.swift in Sources */,
				F61AECF12742422900FCB4C5 /* SettingsViewController.swift in Sources */,
			);
			runOnlyForDeploymentPostprocessing = 0;
		};
		F61AECCC27422AEB00FCB4C5 /* Sources */ = {
			isa = PBXSourcesBuildPhase;
			buildActionMask = 2147483647;
			files = (
				F61AECD527422AEB00FCB4C5 /* diginoteTests.swift in Sources */,
			);
			runOnlyForDeploymentPostprocessing = 0;
		};
		F61AECD627422AEB00FCB4C5 /* Sources */ = {
			isa = PBXSourcesBuildPhase;
			buildActionMask = 2147483647;
			files = (
				F61AECE127422AEB00FCB4C5 /* diginoteUITestsLaunchTests.swift in Sources */,
				F61AECDF27422AEB00FCB4C5 /* diginoteUITests.swift in Sources */,
			);
			runOnlyForDeploymentPostprocessing = 0;
		};
/* End PBXSourcesBuildPhase section */

/* Begin PBXTargetDependency section */
		F61AECD227422AEB00FCB4C5 /* PBXTargetDependency */ = {
			isa = PBXTargetDependency;
			target = F61AECB927422AE800FCB4C5 /* diginote */;
			targetProxy = F61AECD127422AEB00FCB4C5 /* PBXContainerItemProxy */;
		};
		F61AECDC27422AEB00FCB4C5 /* PBXTargetDependency */ = {
			isa = PBXTargetDependency;
			target = F61AECB927422AE800FCB4C5 /* diginote */;
			targetProxy = F61AECDB27422AEB00FCB4C5 /* PBXContainerItemProxy */;
		};
/* End PBXTargetDependency section */

/* Begin PBXVariantGroup section */
		F61AECC327422AE800FCB4C5 /* Main.storyboard */ = {
			isa = PBXVariantGroup;
			children = (
				F61AECC427422AE800FCB4C5 /* Base */,
			);
			name = Main.storyboard;
			sourceTree = "<group>";
		};
		F61AECC827422AEA00FCB4C5 /* LaunchScreen.storyboard */ = {
			isa = PBXVariantGroup;
			children = (
				F61AECC927422AEA00FCB4C5 /* Base */,
			);
			name = LaunchScreen.storyboard;
			sourceTree = "<group>";
		};
/* End PBXVariantGroup section */

/* Begin XCBuildConfiguration section */
		F61AECE227422AEB00FCB4C5 /* Debug */ = {
			isa = XCBuildConfiguration;
			buildSettings = {
				ALWAYS_SEARCH_USER_PATHS = NO;
				CLANG_ANALYZER_NONNULL = YES;
				CLANG_ANALYZER_NUMBER_OBJECT_CONVERSION = YES_AGGRESSIVE;
				CLANG_CXX_LANGUAGE_STANDARD = "gnu++17";
				CLANG_CXX_LIBRARY = "libc++";
				CLANG_ENABLE_MODULES = YES;
				CLANG_ENABLE_OBJC_ARC = YES;
				CLANG_ENABLE_OBJC_WEAK = YES;
				CLANG_WARN_BLOCK_CAPTURE_AUTORELEASING = YES;
				CLANG_WARN_BOOL_CONVERSION = YES;
				CLANG_WARN_COMMA = YES;
				CLANG_WARN_CONSTANT_CONVERSION = YES;
				CLANG_WARN_DEPRECATED_OBJC_IMPLEMENTATIONS = YES;
				CLANG_WARN_DIRECT_OBJC_ISA_USAGE = YES_ERROR;
				CLANG_WARN_DOCUMENTATION_COMMENTS = YES;
				CLANG_WARN_EMPTY_BODY = YES;
				CLANG_WARN_ENUM_CONVERSION = YES;
				CLANG_WARN_INFINITE_RECURSION = YES;
				CLANG_WARN_INT_CONVERSION = YES;
				CLANG_WARN_NON_LITERAL_NULL_CONVERSION = YES;
				CLANG_WARN_OBJC_IMPLICIT_RETAIN_SELF = YES;
				CLANG_WARN_OBJC_LITERAL_CONVERSION = YES;
				CLANG_WARN_OBJC_ROOT_CLASS = YES_ERROR;
				CLANG_WARN_QUOTED_INCLUDE_IN_FRAMEWORK_HEADER = YES;
				CLANG_WARN_RANGE_LOOP_ANALYSIS = YES;
				CLANG_WARN_STRICT_PROTOTYPES = YES;
				CLANG_WARN_SUSPICIOUS_MOVE = YES;
				CLANG_WARN_UNGUARDED_AVAILABILITY = YES_AGGRESSIVE;
				CLANG_WARN_UNREACHABLE_CODE = YES;
				CLANG_WARN__DUPLICATE_METHOD_MATCH = YES;
				COPY_PHASE_STRIP = NO;
				DEBUG_INFORMATION_FORMAT = dwarf;
				ENABLE_STRICT_OBJC_MSGSEND = YES;
				ENABLE_TESTABILITY = YES;
				GCC_C_LANGUAGE_STANDARD = gnu11;
				GCC_DYNAMIC_NO_PIC = NO;
				GCC_NO_COMMON_BLOCKS = YES;
				GCC_OPTIMIZATION_LEVEL = 0;
				GCC_PREPROCESSOR_DEFINITIONS = (
					"DEBUG=1",
					"$(inherited)",
				);
				GCC_WARN_64_TO_32_BIT_CONVERSION = YES;
				GCC_WARN_ABOUT_RETURN_TYPE = YES_ERROR;
				GCC_WARN_UNDECLARED_SELECTOR = YES;
				GCC_WARN_UNINITIALIZED_AUTOS = YES_AGGRESSIVE;
				GCC_WARN_UNUSED_FUNCTION = YES;
				GCC_WARN_UNUSED_VARIABLE = YES;
				IPHONEOS_DEPLOYMENT_TARGET = 15.0;
				MTL_ENABLE_DEBUG_INFO = INCLUDE_SOURCE;
				MTL_FAST_MATH = YES;
				ONLY_ACTIVE_ARCH = YES;
				SDKROOT = iphoneos;
				SWIFT_ACTIVE_COMPILATION_CONDITIONS = DEBUG;
				SWIFT_OPTIMIZATION_LEVEL = "-Onone";
			};
			name = Debug;
		};
		F61AECE327422AEB00FCB4C5 /* Release */ = {
			isa = XCBuildConfiguration;
			buildSettings = {
				ALWAYS_SEARCH_USER_PATHS = NO;
				CLANG_ANALYZER_NONNULL = YES;
				CLANG_ANALYZER_NUMBER_OBJECT_CONVERSION = YES_AGGRESSIVE;
				CLANG_CXX_LANGUAGE_STANDARD = "gnu++17";
				CLANG_CXX_LIBRARY = "libc++";
				CLANG_ENABLE_MODULES = YES;
				CLANG_ENABLE_OBJC_ARC = YES;
				CLANG_ENABLE_OBJC_WEAK = YES;
				CLANG_WARN_BLOCK_CAPTURE_AUTORELEASING = YES;
				CLANG_WARN_BOOL_CONVERSION = YES;
				CLANG_WARN_COMMA = YES;
				CLANG_WARN_CONSTANT_CONVERSION = YES;
				CLANG_WARN_DEPRECATED_OBJC_IMPLEMENTATIONS = YES;
				CLANG_WARN_DIRECT_OBJC_ISA_USAGE = YES_ERROR;
				CLANG_WARN_DOCUMENTATION_COMMENTS = YES;
				CLANG_WARN_EMPTY_BODY = YES;
				CLANG_WARN_ENUM_CONVERSION = YES;
				CLANG_WARN_INFINITE_RECURSION = YES;
				CLANG_WARN_INT_CONVERSION = YES;
				CLANG_WARN_NON_LITERAL_NULL_CONVERSION = YES;
				CLANG_WARN_OBJC_IMPLICIT_RETAIN_SELF = YES;
				CLANG_WARN_OBJC_LITERAL_CONVERSION = YES;
				CLANG_WARN_OBJC_ROOT_CLASS = YES_ERROR;
				CLANG_WARN_QUOTED_INCLUDE_IN_FRAMEWORK_HEADER = YES;
				CLANG_WARN_RANGE_LOOP_ANALYSIS = YES;
				CLANG_WARN_STRICT_PROTOTYPES = YES;
				CLANG_WARN_SUSPICIOUS_MOVE = YES;
				CLANG_WARN_UNGUARDED_AVAILABILITY = YES_AGGRESSIVE;
				CLANG_WARN_UNREACHABLE_CODE = YES;
				CLANG_WARN__DUPLICATE_METHOD_MATCH = YES;
				COPY_PHASE_STRIP = NO;
				DEBUG_INFORMATION_FORMAT = "dwarf-with-dsym";
				ENABLE_NS_ASSERTIONS = NO;
				ENABLE_STRICT_OBJC_MSGSEND = YES;
				GCC_C_LANGUAGE_STANDARD = gnu11;
				GCC_NO_COMMON_BLOCKS = YES;
				GCC_WARN_64_TO_32_BIT_CONVERSION = YES;
				GCC_WARN_ABOUT_RETURN_TYPE = YES_ERROR;
				GCC_WARN_UNDECLARED_SELECTOR = YES;
				GCC_WARN_UNINITIALIZED_AUTOS = YES_AGGRESSIVE;
				GCC_WARN_UNUSED_FUNCTION = YES;
				GCC_WARN_UNUSED_VARIABLE = YES;
				IPHONEOS_DEPLOYMENT_TARGET = 15.0;
				MTL_ENABLE_DEBUG_INFO = NO;
				MTL_FAST_MATH = YES;
				SDKROOT = iphoneos;
				SWIFT_COMPILATION_MODE = wholemodule;
				SWIFT_OPTIMIZATION_LEVEL = "-O";
				VALIDATE_PRODUCT = YES;
			};
			name = Release;
		};
		F61AECE527422AEB00FCB4C5 /* Debug */ = {
			isa = XCBuildConfiguration;
			baseConfigurationReference = 2211A9381E12134A6AC01DBE /* Pods-diginote.debug.xcconfig */;
			buildSettings = {
				ASSETCATALOG_COMPILER_APPICON_NAME = AppIcon;
				ASSETCATALOG_COMPILER_GLOBAL_ACCENT_COLOR_NAME = AccentColor;
				ASSETCATALOG_COMPILER_INCLUDE_ALL_APPICON_ASSETS = YES;
				CODE_SIGN_STYLE = Automatic;
				CURRENT_PROJECT_VERSION = 1;
				GENERATE_INFOPLIST_FILE = YES;
				INFOPLIST_FILE = diginote/Info.plist;
				INFOPLIST_KEY_UIApplicationSupportsIndirectInputEvents = YES;
				INFOPLIST_KEY_UILaunchStoryboardName = LaunchScreen;
				INFOPLIST_KEY_UIMainStoryboardFile = Main;
				INFOPLIST_KEY_UISupportedInterfaceOrientations_iPad = "UIInterfaceOrientationPortrait UIInterfaceOrientationPortraitUpsideDown UIInterfaceOrientationLandscapeLeft UIInterfaceOrientationLandscapeRight";
				INFOPLIST_KEY_UISupportedInterfaceOrientations_iPhone = "UIInterfaceOrientationPortrait UIInterfaceOrientationLandscapeLeft UIInterfaceOrientationLandscapeRight";
				LD_RUNPATH_SEARCH_PATHS = (
					"$(inherited)",
					"@executable_path/Frameworks",
				);
				MARKETING_VERSION = 1.0;
				PRODUCT_BUNDLE_IDENTIFIER = me.hussini.diginote;
				PRODUCT_NAME = "$(TARGET_NAME)";
				SWIFT_EMIT_LOC_STRINGS = YES;
				SWIFT_VERSION = 5.0;
				TARGETED_DEVICE_FAMILY = "1,2";
			};
			name = Debug;
		};
		F61AECE627422AEB00FCB4C5 /* Release */ = {
			isa = XCBuildConfiguration;
			baseConfigurationReference = 77B2BEE2C80B2DC0CDA3D09C /* Pods-diginote.release.xcconfig */;
			buildSettings = {
				ASSETCATALOG_COMPILER_APPICON_NAME = AppIcon;
				ASSETCATALOG_COMPILER_GLOBAL_ACCENT_COLOR_NAME = AccentColor;
				ASSETCATALOG_COMPILER_INCLUDE_ALL_APPICON_ASSETS = YES;
				CODE_SIGN_STYLE = Automatic;
				CURRENT_PROJECT_VERSION = 1;
				GENERATE_INFOPLIST_FILE = YES;
				INFOPLIST_FILE = diginote/Info.plist;
				INFOPLIST_KEY_UIApplicationSupportsIndirectInputEvents = YES;
				INFOPLIST_KEY_UILaunchStoryboardName = LaunchScreen;
				INFOPLIST_KEY_UIMainStoryboardFile = Main;
				INFOPLIST_KEY_UISupportedInterfaceOrientations_iPad = "UIInterfaceOrientationPortrait UIInterfaceOrientationPortraitUpsideDown UIInterfaceOrientationLandscapeLeft UIInterfaceOrientationLandscapeRight";
				INFOPLIST_KEY_UISupportedInterfaceOrientations_iPhone = "UIInterfaceOrientationPortrait UIInterfaceOrientationLandscapeLeft UIInterfaceOrientationLandscapeRight";
				LD_RUNPATH_SEARCH_PATHS = (
					"$(inherited)",
					"@executable_path/Frameworks",
				);
				MARKETING_VERSION = 1.0;
				PRODUCT_BUNDLE_IDENTIFIER = me.hussini.diginote;
				PRODUCT_NAME = "$(TARGET_NAME)";
				SWIFT_EMIT_LOC_STRINGS = YES;
				SWIFT_VERSION = 5.0;
				TARGETED_DEVICE_FAMILY = "1,2";
			};
			name = Release;
		};
		F61AECE827422AEB00FCB4C5 /* Debug */ = {
			isa = XCBuildConfiguration;
			buildSettings = {
				ALWAYS_EMBED_SWIFT_STANDARD_LIBRARIES = YES;
				BUNDLE_LOADER = "$(TEST_HOST)";
				CODE_SIGN_STYLE = Automatic;
				CURRENT_PROJECT_VERSION = 1;
				GENERATE_INFOPLIST_FILE = YES;
				IPHONEOS_DEPLOYMENT_TARGET = 15.0;
				LD_RUNPATH_SEARCH_PATHS = (
					"$(inherited)",
					"@executable_path/Frameworks",
					"@loader_path/Frameworks",
				);
				MARKETING_VERSION = 1.0;
				PRODUCT_BUNDLE_IDENTIFIER = me.hussini.diginoteTests;
				PRODUCT_NAME = "$(TARGET_NAME)";
				SWIFT_EMIT_LOC_STRINGS = NO;
				SWIFT_VERSION = 5.0;
				TARGETED_DEVICE_FAMILY = "1,2";
				TEST_HOST = "$(BUILT_PRODUCTS_DIR)/diginote.app/diginote";
			};
			name = Debug;
		};
		F61AECE927422AEB00FCB4C5 /* Release */ = {
			isa = XCBuildConfiguration;
			buildSettings = {
				ALWAYS_EMBED_SWIFT_STANDARD_LIBRARIES = YES;
				BUNDLE_LOADER = "$(TEST_HOST)";
				CODE_SIGN_STYLE = Automatic;
				CURRENT_PROJECT_VERSION = 1;
				GENERATE_INFOPLIST_FILE = YES;
				IPHONEOS_DEPLOYMENT_TARGET = 15.0;
				LD_RUNPATH_SEARCH_PATHS = (
					"$(inherited)",
					"@executable_path/Frameworks",
					"@loader_path/Frameworks",
				);
				MARKETING_VERSION = 1.0;
				PRODUCT_BUNDLE_IDENTIFIER = me.hussini.diginoteTests;
				PRODUCT_NAME = "$(TARGET_NAME)";
				SWIFT_EMIT_LOC_STRINGS = NO;
				SWIFT_VERSION = 5.0;
				TARGETED_DEVICE_FAMILY = "1,2";
				TEST_HOST = "$(BUILT_PRODUCTS_DIR)/diginote.app/diginote";
			};
			name = Release;
		};
		F61AECEB27422AEB00FCB4C5 /* Debug */ = {
			isa = XCBuildConfiguration;
			buildSettings = {
				ALWAYS_EMBED_SWIFT_STANDARD_LIBRARIES = YES;
				CODE_SIGN_STYLE = Automatic;
				CURRENT_PROJECT_VERSION = 1;
				GENERATE_INFOPLIST_FILE = YES;
				LD_RUNPATH_SEARCH_PATHS = (
					"$(inherited)",
					"@executable_path/Frameworks",
					"@loader_path/Frameworks",
				);
				MARKETING_VERSION = 1.0;
				PRODUCT_BUNDLE_IDENTIFIER = me.hussini.diginoteUITests;
				PRODUCT_NAME = "$(TARGET_NAME)";
				SWIFT_EMIT_LOC_STRINGS = NO;
				SWIFT_VERSION = 5.0;
				TARGETED_DEVICE_FAMILY = "1,2";
				TEST_TARGET_NAME = diginote;
			};
			name = Debug;
		};
		F61AECEC27422AEB00FCB4C5 /* Release */ = {
			isa = XCBuildConfiguration;
			buildSettings = {
				ALWAYS_EMBED_SWIFT_STANDARD_LIBRARIES = YES;
				CODE_SIGN_STYLE = Automatic;
				CURRENT_PROJECT_VERSION = 1;
				GENERATE_INFOPLIST_FILE = YES;
				LD_RUNPATH_SEARCH_PATHS = (
					"$(inherited)",
					"@executable_path/Frameworks",
					"@loader_path/Frameworks",
				);
				MARKETING_VERSION = 1.0;
				PRODUCT_BUNDLE_IDENTIFIER = me.hussini.diginoteUITests;
				PRODUCT_NAME = "$(TARGET_NAME)";
				SWIFT_EMIT_LOC_STRINGS = NO;
				SWIFT_VERSION = 5.0;
				TARGETED_DEVICE_FAMILY = "1,2";
				TEST_TARGET_NAME = diginote;
			};
			name = Release;
		};
/* End XCBuildConfiguration section */

/* Begin XCConfigurationList section */
		F61AECB527422AE800FCB4C5 /* Build configuration list for PBXProject "diginote" */ = {
			isa = XCConfigurationList;
			buildConfigurations = (
				F61AECE227422AEB00FCB4C5 /* Debug */,
				F61AECE327422AEB00FCB4C5 /* Release */,
			);
			defaultConfigurationIsVisible = 0;
			defaultConfigurationName = Release;
		};
		F61AECE427422AEB00FCB4C5 /* Build configuration list for PBXNativeTarget "diginote" */ = {
			isa = XCConfigurationList;
			buildConfigurations = (
				F61AECE527422AEB00FCB4C5 /* Debug */,
				F61AECE627422AEB00FCB4C5 /* Release */,
			);
			defaultConfigurationIsVisible = 0;
			defaultConfigurationName = Release;
		};
		F61AECE727422AEB00FCB4C5 /* Build configuration list for PBXNativeTarget "diginoteTests" */ = {
			isa = XCConfigurationList;
			buildConfigurations = (
				F61AECE827422AEB00FCB4C5 /* Debug */,
				F61AECE927422AEB00FCB4C5 /* Release */,
			);
			defaultConfigurationIsVisible = 0;
			defaultConfigurationName = Release;
		};
		F61AECEA27422AEB00FCB4C5 /* Build configuration list for PBXNativeTarget "diginoteUITests" */ = {
			isa = XCConfigurationList;
			buildConfigurations = (
				F61AECEB27422AEB00FCB4C5 /* Debug */,
				F61AECEC27422AEB00FCB4C5 /* Release */,
			);
			defaultConfigurationIsVisible = 0;
			defaultConfigurationName = Release;
		};
/* End XCConfigurationList section */
	};
	rootObject = F61AECB227422AE800FCB4C5 /* Project object */;
}
